
Microsoft Visual Studio Solution File, Format Version 12.00
Project("{FAE04EC0-301F-11D3-BF4B-00C04F79EFBC}") = "VkCCGui", "VkCCGui\VkCCGui.csproj", "{79AE02E6-B32B-405C-815B-6BB28064213E}"
EndProject
Global
	GlobalSection(SolutionConfigurationPlatforms) = preSolution
		Debug|Any CPU = Debug|Any CPU
		Release|Any CPU = Release|Any CPU
	EndGlobalSection
	GlobalSection(ProjectConfigurationPlatforms) = postSolution
		{79AE02E6-B32B-405C-815B-6BB28064213E}.Debug|Any CPU.ActiveCfg = Debug|Any CPU
		{79AE02E6-B32B-405C-815B-6BB28064213E}.Debug|Any CPU.Build.0 = Debug|Any CPU
		{79AE02E6-B32B-405C-815B-6BB28064213E}.Release|Any CPU.ActiveCfg = Release|Any CPU
		{79AE02E6-B32B-405C-815B-6BB28064213E}.Release|Any CPU.Build.0 = Release|Any CPU
	EndGlobalSection
EndGlobal
